
Microsoft Visual Studio Solution File, Format Version 12.00
# Visual Studio 15
VisualStudioVersion = 15.0.27130.2024
MinimumVisualStudioVersion = 10.0.40219.1
Project("{8BC9CEB8-8B4A-11D0-8D11-00A0C91BC942}") = "240 project 5", "240 project 5\240 project 5.vcxproj", "{91D59837-B96F-49C1-A227-B61396DEC8DD}"
EndProject
Global
	GlobalSection(SolutionConfigurationPlatforms) = preSolution
		Debug|x64 = Debug|x64
		Debug|x86 = Debug|x86
		Release|x64 = Release|x64
		Release|x86 = Release|x86
	EndGlobalSection
	GlobalSection(ProjectConfigurationPlatforms) = postSolution
		{91D59837-B96F-49C1-A227-B61396DEC8DD}.Debug|x64.ActiveCfg = Debug|x64
		{91D59837-B96F-49C1-A227-B61396DEC8DD}.Debug|x64.Build.0 = Debug|x64
		{91D59837-B96F-49C1-A227-B61396DEC8DD}.Debug|x86.ActiveCfg = Debug|Win32
		{91D59837-B96F-49C1-A227-B61396DEC8DD}.Debug|x86.Build.0 = Debug|Win32
		{91D59837-B96F-49C1-A227-B61396DEC8DD}.Release|x64.ActiveCfg = Release|x64
		{91D59837-B96F-49C1-A227-B61396DEC8DD}.Release|x64.Build.0 = Release|x64
		{91D59837-B96F-49C1-A227-B61396DEC8DD}.Release|x86.ActiveCfg = Release|Win32
		{91D59837-B96F-49C1-A227-B61396DEC8DD}.Release|x86.Build.0 = Release|Win32
	EndGlobalSection
	GlobalSection(SolutionProperties) = preSolution
		HideSolutionNode = FALSE
	EndGlobalSection
	GlobalSection(ExtensibilityGlobals) = postSolution
		SolutionGuid = {BA965CFE-7524-404E-B0A2-AA6285B042C9}
	EndGlobalSection
EndGlobal
